
Microsoft Visual Studio Solution File, Format Version 12.00
# Visual Studio 15
VisualStudioVersion = 15.0.27703.2047
MinimumVisualStudioVersion = 10.0.40219.1
Project("{FAE04EC0-301F-11D3-BF4B-00C04F79EFBC}") = "Moneda", "Moneda\Moneda.csproj", "{22F277C9-6EF0-4147-961B-5A9E61FBBDA5}"
EndProject
Project("{FAE04EC0-301F-11D3-BF4B-00C04F79EFBC}") = "Ejercicio_23", "Ejercicio_23\Ejercicio_23.csproj", "{F3DA004E-1CBD-468D-911B-27FB0BC7FD65}"
EndProject
Global
	GlobalSection(SolutionConfigurationPlatforms) = preSolution
		Debug|Any CPU = Debug|Any CPU
		Release|Any CPU = Release|Any CPU
	EndGlobalSection
	GlobalSection(ProjectConfigurationPlatforms) = postSolution
		{22F277C9-6EF0-4147-961B-5A9E61FBBDA5}.Debug|Any CPU.ActiveCfg = Debug|Any CPU
		{22F277C9-6EF0-4147-961B-5A9E61FBBDA5}.Debug|Any CPU.Build.0 = Debug|Any CPU
		{22F277C9-6EF0-4147-961B-5A9E61FBBDA5}.Release|Any CPU.ActiveCfg = Release|Any CPU
		{22F277C9-6EF0-4147-961B-5A9E61FBBDA5}.Release|Any CPU.Build.0 = Release|Any CPU
		{F3DA004E-1CBD-468D-911B-27FB0BC7FD65}.Debug|Any CPU.ActiveCfg = Debug|Any CPU
		{F3DA004E-1CBD-468D-911B-27FB0BC7FD65}.Debug|Any CPU.Build.0 = Debug|Any CPU
		{F3DA004E-1CBD-468D-911B-27FB0BC7FD65}.Release|Any CPU.ActiveCfg = Release|Any CPU
		{F3DA004E-1CBD-468D-911B-27FB0BC7FD65}.Release|Any CPU.Build.0 = Release|Any CPU
	EndGlobalSection
	GlobalSection(SolutionProperties) = preSolution
		HideSolutionNode = FALSE
	EndGlobalSection
	GlobalSection(ExtensibilityGlobals) = postSolution
		SolutionGuid = {51F3D89E-5D75-4DFD-87BC-52C1808DDC41}
	EndGlobalSection
EndGlobal
