
Microsoft Visual Studio Solution File, Format Version 12.00
# Visual Studio 15
VisualStudioVersion = 15.0.27703.2047
MinimumVisualStudioVersion = 10.0.40219.1
Project("{FAE04EC0-301F-11D3-BF4B-00C04F79EFBC}") = "Ej_28", "Ej_28\Ej_28.csproj", "{7928AFD1-2906-4DDF-B7DB-26C81E62FB94}"
EndProject
Global
	GlobalSection(SolutionConfigurationPlatforms) = preSolution
		Debug|Any CPU = Debug|Any CPU
		Release|Any CPU = Release|Any CPU
	EndGlobalSection
	GlobalSection(ProjectConfigurationPlatforms) = postSolution
		{7928AFD1-2906-4DDF-B7DB-26C81E62FB94}.Debug|Any CPU.ActiveCfg = Debug|Any CPU
		{7928AFD1-2906-4DDF-B7DB-26C81E62FB94}.Debug|Any CPU.Build.0 = Debug|Any CPU
		{7928AFD1-2906-4DDF-B7DB-26C81E62FB94}.Release|Any CPU.ActiveCfg = Release|Any CPU
		{7928AFD1-2906-4DDF-B7DB-26C81E62FB94}.Release|Any CPU.Build.0 = Release|Any CPU
	EndGlobalSection
	GlobalSection(SolutionProperties) = preSolution
		HideSolutionNode = FALSE
	EndGlobalSection
	GlobalSection(ExtensibilityGlobals) = postSolution
		SolutionGuid = {0F2FC3CB-C264-4C1A-82D8-B660F6447E49}
	EndGlobalSection
EndGlobal
