
Microsoft Visual Studio Solution File, Format Version 12.00
# Visual Studio 15
VisualStudioVersion = 15.0.27703.2047
MinimumVisualStudioVersion = 10.0.40219.1
Project("{FAE04EC0-301F-11D3-BF4B-00C04F79EFBC}") = "Ejercicio_20", "Ejercicio_20\Ejercicio_20.csproj", "{2BDD76C3-1BB2-4480-8092-51EF01C3B771}"
EndProject
Project("{FAE04EC0-301F-11D3-BF4B-00C04F79EFBC}") = "Billetes", "ClassLibrary1\Billetes.csproj", "{2612E82D-D565-44E6-9C32-7B62003BE1A6}"
EndProject
Global
	GlobalSection(SolutionConfigurationPlatforms) = preSolution
		Debug|Any CPU = Debug|Any CPU
		Release|Any CPU = Release|Any CPU
	EndGlobalSection
	GlobalSection(ProjectConfigurationPlatforms) = postSolution
		{2BDD76C3-1BB2-4480-8092-51EF01C3B771}.Debug|Any CPU.ActiveCfg = Debug|Any CPU
		{2BDD76C3-1BB2-4480-8092-51EF01C3B771}.Debug|Any CPU.Build.0 = Debug|Any CPU
		{2BDD76C3-1BB2-4480-8092-51EF01C3B771}.Release|Any CPU.ActiveCfg = Release|Any CPU
		{2BDD76C3-1BB2-4480-8092-51EF01C3B771}.Release|Any CPU.Build.0 = Release|Any CPU
		{2612E82D-D565-44E6-9C32-7B62003BE1A6}.Debug|Any CPU.ActiveCfg = Debug|Any CPU
		{2612E82D-D565-44E6-9C32-7B62003BE1A6}.Debug|Any CPU.Build.0 = Debug|Any CPU
		{2612E82D-D565-44E6-9C32-7B62003BE1A6}.Release|Any CPU.ActiveCfg = Release|Any CPU
		{2612E82D-D565-44E6-9C32-7B62003BE1A6}.Release|Any CPU.Build.0 = Release|Any CPU
	EndGlobalSection
	GlobalSection(SolutionProperties) = preSolution
		HideSolutionNode = FALSE
	EndGlobalSection
	GlobalSection(ExtensibilityGlobals) = postSolution
		SolutionGuid = {F8B47568-844C-4883-995C-F1CF7F0677F5}
	EndGlobalSection
EndGlobal
